// !$*UTF8*$!
{
	archiveVersion = 1;
	classes = {
	};
	objectVersion = 46;
	objects = {

/* Begin PBXBuildFile section */
		699E79D01DEF25C8000725A6 /* main.m in Sources */ = {isa = PBXBuildFile; fileRef = 699E79CF1DEF25C8000725A6 /* main.m */; };
		699E79D31DEF25C8000725A6 /* AppDelegate.m in Sources */ = {isa = PBXBuildFile; fileRef = 699E79D21DEF25C8000725A6 /* AppDelegate.m */; };
		699E79D61DEF25C8000725A6 /* ViewController.m in Sources */ = {isa = PBXBuildFile; fileRef = 699E79D51DEF25C8000725A6 /* ViewController.m */; };
		699E79D91DEF25C8000725A6 /* Main.storyboard in Resources */ = {isa = PBXBuildFile; fileRef = 699E79D71DEF25C8000725A6 /* Main.storyboard */; };
		699E79DB1DEF25C8000725A6 /* Assets.xcassets in Resources */ = {isa = PBXBuildFile; fileRef = 699E79DA1DEF25C8000725A6 /* Assets.xcassets */; };
		699E79DE1DEF25C8000725A6 /* LaunchScreen.storyboard in Resources */ = {isa = PBXBuildFile; fileRef = 699E79DC1DEF25C8000725A6 /* LaunchScreen.storyboard */; };
		BA05DF46BC0894E3BEE01396 /* libPods-iReactNative.a in Frameworks */ = {isa = PBXBuildFile; fileRef = A16EE077F14C80FEBF168302 /* libPods-iReactNative.a */; };
/* End PBXBuildFile section */

/* Begin PBXFileReference section */
		38D8F25C37DE25E21B6F436F /* Pods-iReactNative.release.xcconfig */ = {isa = PBXFileReference; includeInIndex = 1; lastKnownFileType = text.xcconfig; name = "Pods-iReactNative.release.xcconfig"; path = "Pods/Target Support Files/Pods-iReactNative/Pods-iReactNative.release.xcconfig"; sourceTree = "<group>"; };
		699E79CB1DEF25C8000725A6 /* iReactNative.app */ = {isa = PBXFileReference; explicitFileType = wrapper.application; includeInIndex = 0; path = iReactNative.app; sourceTree = BUILT_PRODUCTS_DIR; };
		699E79CF1DEF25C8000725A6 /* main.m */ = {isa = PBXFileReference; lastKnownFileType = sourcecode.c.objc; path = main.m; sourceTree = "<group>"; };
		699E79D11DEF25C8000725A6 /* AppDelegate.h */ = {isa = PBXFileReference; lastKnownFileType = sourcecode.c.h; path = AppDelegate.h; sourceTree = "<group>"; };
		699E79D21DEF25C8000725A6 /* AppDelegate.m */ = {isa = PBXFileReference; lastKnownFileType = sourcecode.c.objc; path = AppDelegate.m; sourceTree = "<group>"; };
		699E79D41DEF25C8000725A6 /* ViewController.h */ = {isa = PBXFileReference; lastKnownFileType = sourcecode.c.h; path = ViewController.h; sourceTree = "<group>"; };
		699E79D51DEF25C8000725A6 /* ViewController.m */ = {isa = PBXFileReference; lastKnownFileType = sourcecode.c.objc; path = ViewController.m; sourceTree = "<group>"; };
		699E79D81DEF25C8000725A6 /* Base */ = {isa = PBXFileReference; lastKnownFileType = file.storyboard; name = Base; path = Base.lproj/Main.storyboard; sourceTree = "<group>"; };
		699E79DA1DEF25C8000725A6 /* Assets.xcassets */ = {isa = PBXFileReference; lastKnownFileType = folder.assetcatalog; path = Assets.xcassets; sourceTree = "<group>"; };
		699E79DD1DEF25C8000725A6 /* Base */ = {isa = PBXFileReference; lastKnownFileType = file.storyboard; name = Base; path = Base.lproj/LaunchScreen.storyboard; sourceTree = "<group>"; };
		699E79DF1DEF25C8000725A6 /* Info.plist */ = {isa = PBXFileReference; lastKnownFileType = text.plist.xml; path = Info.plist; sourceTree = "<group>"; };
		A16EE077F14C80FEBF168302 /* libPods-iReactNative.a */ = {isa = PBXFileReference; explicitFileType = archive.ar; includeInIndex = 0; path = "libPods-iReactNative.a"; sourceTree = BUILT_PRODUCTS_DIR; };
		A3FDDBB6019585ECEE721065 /* Pods-iReactNative.debug.xcconfig */ = {isa = PBXFileReference; includeInIndex = 1; lastKnownFileType = text.xcconfig; name = "Pods-iReactNative.debug.xcconfig"; path = "Pods/Target Support Files/Pods-iReactNative/Pods-iReactNative.debug.xcconfig"; sourceTree = "<group>"; };
/* End PBXFileReference section */

/* Begin PBXFrameworksBuildPhase section */
		699E79C81DEF25C8000725A6 /* Frameworks */ = {
			isa = PBXFrameworksBuildPhase;
			buildActionMask = 2147483647;
			files = (
				BA05DF46BC0894E3BEE01396 /* libPods-iReactNative.a in Frameworks */,
			);
			runOnlyForDeploymentPostprocessing = 0;
		};
/* End PBXFrameworksBuildPhase section */

/* Begin PBXGroup section */
		699E79C21DEF25C8000725A6 = {
			isa = PBXGroup;
			children = (
				699E79CD1DEF25C8000725A6 /* iReactNative */,
				699E79CC1DEF25C8000725A6 /* Products */,
				DC6093F1944143E5AAE6FD92 /* Pods */,
				CB9859977D5F05BDDA882B07 /* Frameworks */,
			);
			sourceTree = "<group>";
		};
		699E79CC1DEF25C8000725A6 /* Products */ = {
			isa = PBXGroup;
			children = (
				699E79CB1DEF25C8000725A6 /* iReactNative.app */,
			);
			name = Products;
			sourceTree = "<group>";
		};
		699E79CD1DEF25C8000725A6 /* iReactNative */ = {
			isa = PBXGroup;
			children = (
				699E79D11DEF25C8000725A6 /* AppDelegate.h */,
				699E79D21DEF25C8000725A6 /* AppDelegate.m */,
				699E79D41DEF25C8000725A6 /* ViewController.h */,
				699E79D51DEF25C8000725A6 /* ViewController.m */,
				699E79D71DEF25C8000725A6 /* Main.storyboard */,
				699E79DA1DEF25C8000725A6 /* Assets.xcassets */,
				699E79DC1DEF25C8000725A6 /* LaunchScreen.storyboard */,
				699E79DF1DEF25C8000725A6 /* Info.plist */,
				699E79CE1DEF25C8000725A6 /* Supporting Files */,
			);
			path = iReactNative;
			sourceTree = "<group>";
		};
		699E79CE1DEF25C8000725A6 /* Supporting Files */ = {
			isa = PBXGroup;
			children = (
				699E79CF1DEF25C8000725A6 /* main.m */,
			);
			name = "Supporting Files";
			sourceTree = "<group>";
		};
		CB9859977D5F05BDDA882B07 /* Frameworks */ = {
			isa = PBXGroup;
			children = (
				A16EE077F14C80FEBF168302 /* libPods-iReactNative.a */,
			);
			name = Frameworks;
			sourceTree = "<group>";
		};
		DC6093F1944143E5AAE6FD92 /* Pods */ = {
			isa = PBXGroup;
			children = (
				A3FDDBB6019585ECEE721065 /* Pods-iReactNative.debug.xcconfig */,
				38D8F25C37DE25E21B6F436F /* Pods-iReactNative.release.xcconfig */,
			);
			name = Pods;
			sourceTree = "<group>";
		};
/* End PBXGroup section */

/* Begin PBXNativeTarget section */
		699E79CA1DEF25C8000725A6 /* iReactNative */ = {
			isa = PBXNativeTarget;
			buildConfigurationList = 699E79E21DEF25C8000725A6 /* Build configuration list for PBXNativeTarget "iReactNative" */;
			buildPhases = (
				834556C7823B7EE3DA4D4BAE /* [CP] Check Pods Manifest.lock */,
				699E79C71DEF25C8000725A6 /* Sources */,
				699E79C81DEF25C8000725A6 /* Frameworks */,
				699E79C91DEF25C8000725A6 /* Resources */,
				B62D28C4DE5DC998AB658FC5 /* [CP] Embed Pods Frameworks */,
				D88F148DEF4227C51BFA0B0A /* [CP] Copy Pods Resources */,
			);
			buildRules = (
			);
			dependencies = (
			);
			name = iReactNative;
			productName = iReactNative;
			productReference = 699E79CB1DEF25C8000725A6 /* iReactNative.app */;
			productType = "com.apple.product-type.application";
		};
/* End PBXNativeTarget section */

/* Begin PBXProject section */
		699E79C31DEF25C8000725A6 /* Project object */ = {
			isa = PBXProject;
			attributes = {
				LastUpgradeCheck = 0810;
				ORGANIZATIONNAME = iSeen;
				TargetAttributes = {
					699E79CA1DEF25C8000725A6 = {
						CreatedOnToolsVersion = 8.1;
						ProvisioningStyle = Automatic;
					};
				};
			};
			buildConfigurationList = 699E79C61DEF25C8000725A6 /* Build configuration list for PBXProject "iReactNative" */;
			compatibilityVersion = "Xcode 3.2";
			developmentRegion = English;
			hasScannedForEncodings = 0;
			knownRegions = (
				en,
				Base,
			);
			mainGroup = 699E79C21DEF25C8000725A6;
			productRefGroup = 699E79CC1DEF25C8000725A6 /* Products */;
			projectDirPath = "";
			projectRoot = "";
			targets = (
				699E79CA1DEF25C8000725A6 /* iReactNative */,
			);
		};
/* End PBXProject section */

/* Begin PBXResourcesBuildPhase section */
		699E79C91DEF25C8000725A6 /* Resources */ = {
			isa = PBXResourcesBuildPhase;
			buildActionMask = 2147483647;
			files = (
				699E79DE1DEF25C8000725A6 /* LaunchScreen.storyboard in Resources */,
				699E79DB1DEF25C8000725A6 /* Assets.xcassets in Resources */,
				699E79D91DEF25C8000725A6 /* Main.storyboard in Resources */,
			);
			runOnlyForDeploymentPostprocessing = 0;
		};
/* End PBXResourcesBuildPhase section */

/* Begin PBXShellScriptBuildPhase section */
		834556C7823B7EE3DA4D4BAE /* [CP] Check Pods Manifest.lock */ = {
			isa = PBXShellScriptBuildPhase;
			buildActionMask = 2147483647;
			files = (
			);
			inputPaths = (
			);
			name = "[CP] Check Pods Manifest.lock";
			outputPaths = (
			);
			runOnlyForDeploymentPostprocessing = 0;
			shellPath = /bin/sh;
			shellScript = "diff \"${PODS_ROOT}/../Podfile.lock\" \"${PODS_ROOT}/Manifest.lock\" > /dev/null\nif [ $? != 0 ] ; then\n    # print error to STDERR\n    echo \"error: The sandbox is not in sync with the Podfile.lock. Run 'pod install' or update your CocoaPods installation.\" >&2\n    exit 1\nfi\n";
			showEnvVarsInLog = 0;
		};
		B62D28C4DE5DC998AB658FC5 /* [CP] Embed Pods Frameworks */ = {
			isa = PBXShellScriptBuildPhase;
			buildActionMask = 2147483647;
			files = (
			);
			inputPaths = (
			);
			name = "[CP] Embed Pods Frameworks";
			outputPaths = (
			);
			runOnlyForDeploymentPostprocessing = 0;
			shellPath = /bin/sh;
			shellScript = "\"${SRCROOT}/Pods/Target Support Files/Pods-iReactNative/Pods-iReactNative-frameworks.sh\"\n";
			showEnvVarsInLog = 0;
		};
		D88F148DEF4227C51BFA0B0A /* [CP] Copy Pods Resources */ = {
			isa = PBXShellScriptBuildPhase;
			buildActionMask = 2147483647;
			files = (
			);
			inputPaths = (
			);
			name = "[CP] Copy Pods Resources";
			outputPaths = (
			);
			runOnlyForDeploymentPostprocessing = 0;
			shellPath = /bin/sh;
			shellScript = "\"${SRCROOT}/Pods/Target Support Files/Pods-iReactNative/Pods-iReactNative-resources.sh\"\n";
			showEnvVarsInLog = 0;
		};
/* End PBXShellScriptBuildPhase section */

/* Begin PBXSourcesBuildPhase section */
		699E79C71DEF25C8000725A6 /* Sources */ = {
			isa = PBXSourcesBuildPhase;
			buildActionMask = 2147483647;
			files = (
				699E79D61DEF25C8000725A6 /* ViewController.m in Sources */,
				699E79D31DEF25C8000725A6 /* AppDelegate.m in Sources */,
				699E79D01DEF25C8000725A6 /* main.m in Sources */,
			);
			runOnlyForDeploymentPostprocessing = 0;
		};
/* End PBXSourcesBuildPhase section */

/* Begin PBXVariantGroup section */
		699E79D71DEF25C8000725A6 /* Main.storyboard */ = {
			isa = PBXVariantGroup;
			children = (
				699E79D81DEF25C8000725A6 /* Base */,
			);
			name = Main.storyboard;
			sourceTree = "<group>";
		};
		699E79DC1DEF25C8000725A6 /* LaunchScreen.storyboard */ = {
			isa = PBXVariantGroup;
			children = (
				699E79DD1DEF25C8000725A6 /* Base */,
			);
			name = LaunchScreen.storyboard;
			sourceTree = "<group>";
		};
/* End PBXVariantGroup section */

/* Begin XCBuildConfiguration section */
		699E79E01DEF25C8000725A6 /* Debug */ = {
			isa = XCBuildConfiguration;
			buildSettings = {
				ALWAYS_SEARCH_USER_PATHS = NO;
				CLANG_ANALYZER_NONNULL = YES;
				CLANG_CXX_LANGUAGE_STANDARD = "gnu++0x";
				CLANG_CXX_LIBRARY = "libc++";
				CLANG_ENABLE_MODULES = YES;
				CLANG_ENABLE_OBJC_ARC = YES;
				CLANG_WARN_BOOL_CONVERSION = YES;
				CLANG_WARN_CONSTANT_CONVERSION = YES;
				CLANG_WARN_DIRECT_OBJC_ISA_USAGE = YES_ERROR;
				CLANG_WARN_DOCUMENTATION_COMMENTS = YES;
				CLANG_WARN_EMPTY_BODY = YES;
				CLANG_WARN_ENUM_CONVERSION = YES;
				CLANG_WARN_INFINITE_RECURSION = YES;
				CLANG_WARN_INT_CONVERSION = YES;
				CLANG_WARN_OBJC_ROOT_CLASS = YES_ERROR;
				CLANG_WARN_SUSPICIOUS_MOVES = YES;
				CLANG_WARN_UNREACHABLE_CODE = YES;
				CLANG_WARN__DUPLICATE_METHOD_MATCH = YES;
				"CODE_SIGN_IDENTITY[sdk=iphoneos*]" = "iPhone Developer";
				COPY_PHASE_STRIP = NO;
				DEBUG_INFORMATION_FORMAT = dwarf;
				ENABLE_STRICT_OBJC_MSGSEND = YES;
				ENABLE_TESTABILITY = YES;
				GCC_C_LANGUAGE_STANDARD = gnu99;
				GCC_DYNAMIC_NO_PIC = NO;
				GCC_NO_COMMON_BLOCKS = YES;
				GCC_OPTIMIZATION_LEVEL = 0;
				GCC_PREPROCESSOR_DEFINITIONS = (
					"DEBUG=1",
					"$(inherited)",
				);
				GCC_WARN_64_TO_32_BIT_CONVERSION = YES;
				GCC_WARN_ABOUT_RETURN_TYPE = YES_ERROR;
				GCC_WARN_UNDECLARED_SELECTOR = YES;
				GCC_WARN_UNINITIALIZED_AUTOS = YES_AGGRESSIVE;
				GCC_WARN_UNUSED_FUNCTION = YES;
				GCC_WARN_UNUSED_VARIABLE = YES;
				IPHONEOS_DEPLOYMENT_TARGET = 10.1;
				MTL_ENABLE_DEBUG_INFO = YES;
				ONLY_ACTIVE_ARCH = YES;
				SDKROOT = iphoneos;
			};
			name = Debug;
		};
		699E79E11DEF25C8000725A6 /* Release */ = {
			isa = XCBuildConfiguration;
			buildSettings = {
				ALWAYS_SEARCH_USER_PATHS = NO;
				CLANG_ANALYZER_NONNULL = YES;
				CLANG_CXX_LANGUAGE_STANDARD = "gnu++0x";
				CLANG_CXX_LIBRARY = "libc++";
				CLANG_ENABLE_MODULES = YES;
				CLANG_ENABLE_OBJC_ARC = YES;
				CLANG_WARN_BOOL_CONVERSION = YES;
				CLANG_WARN_CONSTANT_CONVERSION = YES;
				CLANG_WARN_DIRECT_OBJC_ISA_USAGE = YES_ERROR;
				CLANG_WARN_DOCUMENTATION_COMMENTS = YES;
				CLANG_WARN_EMPTY_BODY = YES;
				CLANG_WARN_ENUM_CONVERSION = YES;
				CLANG_WARN_INFINITE_RECURSION = YES;
				CLANG_WARN_INT_CONVERSION = YES;
				CLANG_WARN_OBJC_ROOT_CLASS = YES_ERROR;
				CLANG_WARN_SUSPICIOUS_MOVES = YES;
				CLANG_WARN_UNREACHABLE_CODE = YES;
				CLANG_WARN__DUPLICATE_METHOD_MATCH = YES;
				"CODE_SIGN_IDENTITY[sdk=iphoneos*]" = "iPhone Developer";
				COPY_PHASE_STRIP = NO;
				DEBUG_INFORMATION_FORMAT = "dwarf-with-dsym";
				ENABLE_NS_ASSERTIONS = NO;
				ENABLE_STRICT_OBJC_MSGSEND = YES;
				GCC_C_LANGUAGE_STANDARD = gnu99;
				GCC_NO_COMMON_BLOCKS = YES;
				GCC_WARN_64_TO_32_BIT_CONVERSION = YES;
				GCC_WARN_ABOUT_RETURN_TYPE = YES_ERROR;
				GCC_WARN_UNDECLARED_SELECTOR = YES;
				GCC_WARN_UNINITIALIZED_AUTOS = YES_AGGRESSIVE;
				GCC_WARN_UNUSED_FUNCTION = YES;
				GCC_WARN_UNUSED_VARIABLE = YES;
				IPHONEOS_DEPLOYMENT_TARGET = 10.1;
				MTL_ENABLE_DEBUG_INFO = NO;
				SDKROOT = iphoneos;
				VALIDATE_PRODUCT = YES;
			};
			name = Release;
		};
		699E79E31DEF25C8000725A6 /* Debug */ = {
			isa = XCBuildConfiguration;
			baseConfigurationReference = A3FDDBB6019585ECEE721065 /* Pods-iReactNative.debug.xcconfig */;
			buildSettings = {
				ASSETCATALOG_COMPILER_APPICON_NAME = AppIcon;
				INFOPLIST_FILE = iReactNative/Info.plist;
				LD_RUNPATH_SEARCH_PATHS = "$(inherited) @executable_path/Frameworks";
				PRODUCT_BUNDLE_IDENTIFIER = iSeen.iReactNative;
				PRODUCT_NAME = "$(TARGET_NAME)";
				USER_HEADER_SEARCH_PATHS = "$(PODS_ROOT)/**";
			};
			name = Debug;
		};
		699E79E41DEF25C8000725A6 /* Release */ = {
			isa = XCBuildConfiguration;
			baseConfigurationReference = 38D8F25C37DE25E21B6F436F /* Pods-iReactNative.release.xcconfig */;
			buildSettings = {
				ASSETCATALOG_COMPILER_APPICON_NAME = AppIcon;
				INFOPLIST_FILE = iReactNative/Info.plist;
				LD_RUNPATH_SEARCH_PATHS = "$(inherited) @executable_path/Frameworks";
				PRODUCT_BUNDLE_IDENTIFIER = iSeen.iReactNative;
				PRODUCT_NAME = "$(TARGET_NAME)";
				USER_HEADER_SEARCH_PATHS = "$(PODS_ROOT)/**";
			};
			name = Release;
		};
/* End XCBuildConfiguration section */

/* Begin XCConfigurationList section */
		699E79C61DEF25C8000725A6 /* Build configuration list for PBXProject "iReactNative" */ = {
			isa = XCConfigurationList;
			buildConfigurations = (
				699E79E01DEF25C8000725A6 /* Debug */,
				699E79E11DEF25C8000725A6 /* Release */,
			);
			defaultConfigurationIsVisible = 0;
			defaultConfigurationName = Release;
		};
		699E79E21DEF25C8000725A6 /* Build configuration list for PBXNativeTarget "iReactNative" */ = {
			isa = XCConfigurationList;
			buildConfigurations = (
				699E79E31DEF25C8000725A6 /* Debug */,
				699E79E41DEF25C8000725A6 /* Release */,
			);
			defaultConfigurationIsVisible = 0;
			defaultConfigurationName = Release;
		};
/* End XCConfigurationList section */
	};
	rootObject = 699E79C31DEF25C8000725A6 /* Project object */;
}
